// !$*UTF8*$!
{
	archiveVersion = 1;
	classes = {
	};
	objectVersion = 46;
	objects = {

/* Begin PBXBuildFile section */
		59DBBF29DE7406DB0C35D16F /* Pods_DFX_AppTests.framework in Frameworks */ = {isa = PBXBuildFile; fileRef = 0CED9B5CA697AB82E22B7B7A /* Pods_DFX_AppTests.framework */; };
		6545CB201FA54E2E002CADD3 /* ViewController.swift in Sources */ = {isa = PBXBuildFile; fileRef = 6545CB1F1FA54E2E002CADD3 /* ViewController.swift */; };
		6545CB6A1FA59F23002CADD3 /* CameraViewController.swift in Sources */ = {isa = PBXBuildFile; fileRef = 6545CB691FA59F23002CADD3 /* CameraViewController.swift */; };
		6545CB6C1FA5AA4E002CADD3 /* TagsViewController.swift in Sources */ = {isa = PBXBuildFile; fileRef = 6545CB6B1FA5AA4E002CADD3 /* TagsViewController.swift */; };
		6559834E1FA50AA500D2D29D /* AppDelegate.swift in Sources */ = {isa = PBXBuildFile; fileRef = 6559834D1FA50AA500D2D29D /* AppDelegate.swift */; };
		655983531FA50AA500D2D29D /* Main.storyboard in Resources */ = {isa = PBXBuildFile; fileRef = 655983511FA50AA500D2D29D /* Main.storyboard */; };
		655983551FA50AA500D2D29D /* Assets.xcassets in Resources */ = {isa = PBXBuildFile; fileRef = 655983541FA50AA500D2D29D /* Assets.xcassets */; };
		655983581FA50AA500D2D29D /* LaunchScreen.storyboard in Resources */ = {isa = PBXBuildFile; fileRef = 655983561FA50AA500D2D29D /* LaunchScreen.storyboard */; };
		655983631FA50AA500D2D29D /* DFX_AppTests.swift in Sources */ = {isa = PBXBuildFile; fileRef = 655983621FA50AA500D2D29D /* DFX_AppTests.swift */; };
		6559836E1FA50AA500D2D29D /* DFX_AppUITests.swift in Sources */ = {isa = PBXBuildFile; fileRef = 6559836D1FA50AA500D2D29D /* DFX_AppUITests.swift */; };
		8EFAC3A91BDFBBC4BB8D859E /* Pods_DFX_App.framework in Frameworks */ = {isa = PBXBuildFile; fileRef = 7F69879264DDB09D9B9214DF /* Pods_DFX_App.framework */; };
		F3F44FEA428AD8A9C0EF20DD /* Pods_DFX_AppUITests.framework in Frameworks */ = {isa = PBXBuildFile; fileRef = 376F56BD3B13E2677FA59536 /* Pods_DFX_AppUITests.framework */; };
/* End PBXBuildFile section */

/* Begin PBXContainerItemProxy section */
		6559835F1FA50AA500D2D29D /* PBXContainerItemProxy */ = {
			isa = PBXContainerItemProxy;
			containerPortal = 655983421FA50AA500D2D29D /* Project object */;
			proxyType = 1;
			remoteGlobalIDString = 655983491FA50AA500D2D29D;
			remoteInfo = DFX_App;
		};
		6559836A1FA50AA500D2D29D /* PBXContainerItemProxy */ = {
			isa = PBXContainerItemProxy;
			containerPortal = 655983421FA50AA500D2D29D /* Project object */;
			proxyType = 1;
			remoteGlobalIDString = 655983491FA50AA500D2D29D;
			remoteInfo = DFX_App;
		};
/* End PBXContainerItemProxy section */

/* Begin PBXFileReference section */
		01A01E55A53255B6B9F9E1AB /* Pods-DFX_App.release.xcconfig */ = {isa = PBXFileReference; includeInIndex = 1; lastKnownFileType = text.xcconfig; name = "Pods-DFX_App.release.xcconfig"; path = "Pods/Target Support Files/Pods-DFX_App/Pods-DFX_App.release.xcconfig"; sourceTree = "<group>"; };
		0CED9B5CA697AB82E22B7B7A /* Pods_DFX_AppTests.framework */ = {isa = PBXFileReference; explicitFileType = wrapper.framework; includeInIndex = 0; path = Pods_DFX_AppTests.framework; sourceTree = BUILT_PRODUCTS_DIR; };
		376F56BD3B13E2677FA59536 /* Pods_DFX_AppUITests.framework */ = {isa = PBXFileReference; explicitFileType = wrapper.framework; includeInIndex = 0; path = Pods_DFX_AppUITests.framework; sourceTree = BUILT_PRODUCTS_DIR; };
		4860D8989F1FAC0CA5606F22 /* Pods-DFX_AppUITests.release.xcconfig */ = {isa = PBXFileReference; includeInIndex = 1; lastKnownFileType = text.xcconfig; name = "Pods-DFX_AppUITests.release.xcconfig"; path = "Pods/Target Support Files/Pods-DFX_AppUITests/Pods-DFX_AppUITests.release.xcconfig"; sourceTree = "<group>"; };
		61AA6A0D9E916CB363BB297E /* Pods-DFX_App.debug.xcconfig */ = {isa = PBXFileReference; includeInIndex = 1; lastKnownFileType = text.xcconfig; name = "Pods-DFX_App.debug.xcconfig"; path = "Pods/Target Support Files/Pods-DFX_App/Pods-DFX_App.debug.xcconfig"; sourceTree = "<group>"; };
		6545CB1F1FA54E2E002CADD3 /* ViewController.swift */ = {isa = PBXFileReference; lastKnownFileType = sourcecode.swift; path = ViewController.swift; sourceTree = "<group>"; };
		6545CB691FA59F23002CADD3 /* CameraViewController.swift */ = {isa = PBXFileReference; lastKnownFileType = sourcecode.swift; path = CameraViewController.swift; sourceTree = "<group>"; };
		6545CB6B1FA5AA4E002CADD3 /* TagsViewController.swift */ = {isa = PBXFileReference; lastKnownFileType = sourcecode.swift; path = TagsViewController.swift; sourceTree = "<group>"; };
		6559834A1FA50AA500D2D29D /* DFX_App.app */ = {isa = PBXFileReference; explicitFileType = wrapper.application; includeInIndex = 0; path = DFX_App.app; sourceTree = BUILT_PRODUCTS_DIR; };
		6559834D1FA50AA500D2D29D /* AppDelegate.swift */ = {isa = PBXFileReference; lastKnownFileType = sourcecode.swift; path = AppDelegate.swift; sourceTree = "<group>"; };
		655983521FA50AA500D2D29D /* Base */ = {isa = PBXFileReference; lastKnownFileType = file.storyboard; name = Base; path = Base.lproj/Main.storyboard; sourceTree = "<group>"; };
		655983541FA50AA500D2D29D /* Assets.xcassets */ = {isa = PBXFileReference; lastKnownFileType = folder.assetcatalog; path = Assets.xcassets; sourceTree = "<group>"; };
		655983571FA50AA500D2D29D /* Base */ = {isa = PBXFileReference; lastKnownFileType = file.storyboard; name = Base; path = Base.lproj/LaunchScreen.storyboard; sourceTree = "<group>"; };
		655983591FA50AA500D2D29D /* Info.plist */ = {isa = PBXFileReference; lastKnownFileType = text.plist.xml; path = Info.plist; sourceTree = "<group>"; };
		6559835E1FA50AA500D2D29D /* DFX_AppTests.xctest */ = {isa = PBXFileReference; explicitFileType = wrapper.cfbundle; includeInIndex = 0; path = DFX_AppTests.xctest; sourceTree = BUILT_PRODUCTS_DIR; };
		655983621FA50AA500D2D29D /* DFX_AppTests.swift */ = {isa = PBXFileReference; lastKnownFileType = sourcecode.swift; path = DFX_AppTests.swift; sourceTree = "<group>"; };
		655983641FA50AA500D2D29D /* Info.plist */ = {isa = PBXFileReference; lastKnownFileType = text.plist.xml; path = Info.plist; sourceTree = "<group>"; };
		655983691FA50AA500D2D29D /* DFX_AppUITests.xctest */ = {isa = PBXFileReference; explicitFileType = wrapper.cfbundle; includeInIndex = 0; path = DFX_AppUITests.xctest; sourceTree = BUILT_PRODUCTS_DIR; };
		6559836D1FA50AA500D2D29D /* DFX_AppUITests.swift */ = {isa = PBXFileReference; lastKnownFileType = sourcecode.swift; path = DFX_AppUITests.swift; sourceTree = "<group>"; };
		6559836F1FA50AA500D2D29D /* Info.plist */ = {isa = PBXFileReference; lastKnownFileType = text.plist.xml; path = Info.plist; sourceTree = "<group>"; };
		709FCB1A2DCA0E4587C97EA2 /* Pods-DFX_AppTests.release.xcconfig */ = {isa = PBXFileReference; includeInIndex = 1; lastKnownFileType = text.xcconfig; name = "Pods-DFX_AppTests.release.xcconfig"; path = "Pods/Target Support Files/Pods-DFX_AppTests/Pods-DFX_AppTests.release.xcconfig"; sourceTree = "<group>"; };
		7F69879264DDB09D9B9214DF /* Pods_DFX_App.framework */ = {isa = PBXFileReference; explicitFileType = wrapper.framework; includeInIndex = 0; path = Pods_DFX_App.framework; sourceTree = BUILT_PRODUCTS_DIR; };
		D597373F0885FF04C281E4F0 /* Pods-DFX_AppUITests.debug.xcconfig */ = {isa = PBXFileReference; includeInIndex = 1; lastKnownFileType = text.xcconfig; name = "Pods-DFX_AppUITests.debug.xcconfig"; path = "Pods/Target Support Files/Pods-DFX_AppUITests/Pods-DFX_AppUITests.debug.xcconfig"; sourceTree = "<group>"; };
		D711F3454B6893CD40DBF892 /* Pods-DFX_AppTests.debug.xcconfig */ = {isa = PBXFileReference; includeInIndex = 1; lastKnownFileType = text.xcconfig; name = "Pods-DFX_AppTests.debug.xcconfig"; path = "Pods/Target Support Files/Pods-DFX_AppTests/Pods-DFX_AppTests.debug.xcconfig"; sourceTree = "<group>"; };
/* End PBXFileReference section */

/* Begin PBXFrameworksBuildPhase section */
		655983471FA50AA500D2D29D /* Frameworks */ = {
			isa = PBXFrameworksBuildPhase;
			buildActionMask = 2147483647;
			files = (
				8EFAC3A91BDFBBC4BB8D859E /* Pods_DFX_App.framework in Frameworks */,
			);
			runOnlyForDeploymentPostprocessing = 0;
		};
		6559835B1FA50AA500D2D29D /* Frameworks */ = {
			isa = PBXFrameworksBuildPhase;
			buildActionMask = 2147483647;
			files = (
				59DBBF29DE7406DB0C35D16F /* Pods_DFX_AppTests.framework in Frameworks */,
			);
			runOnlyForDeploymentPostprocessing = 0;
		};
		655983661FA50AA500D2D29D /* Frameworks */ = {
			isa = PBXFrameworksBuildPhase;
			buildActionMask = 2147483647;
			files = (
				F3F44FEA428AD8A9C0EF20DD /* Pods_DFX_AppUITests.framework in Frameworks */,
			);
			runOnlyForDeploymentPostprocessing = 0;
		};
/* End PBXFrameworksBuildPhase section */

/* Begin PBXGroup section */
		1272C3F541AEDD4AFEF9C748 /* Pods */ = {
			isa = PBXGroup;
			children = (
				61AA6A0D9E916CB363BB297E /* Pods-DFX_App.debug.xcconfig */,
				01A01E55A53255B6B9F9E1AB /* Pods-DFX_App.release.xcconfig */,
				D711F3454B6893CD40DBF892 /* Pods-DFX_AppTests.debug.xcconfig */,
				709FCB1A2DCA0E4587C97EA2 /* Pods-DFX_AppTests.release.xcconfig */,
				D597373F0885FF04C281E4F0 /* Pods-DFX_AppUITests.debug.xcconfig */,
				4860D8989F1FAC0CA5606F22 /* Pods-DFX_AppUITests.release.xcconfig */,
			);
			name = Pods;
			sourceTree = "<group>";
		};
		655983411FA50AA500D2D29D = {
			isa = PBXGroup;
			children = (
				6559834C1FA50AA500D2D29D /* DFX_App */,
				655983611FA50AA500D2D29D /* DFX_AppTests */,
				6559836C1FA50AA500D2D29D /* DFX_AppUITests */,
				6559834B1FA50AA500D2D29D /* Products */,
				1272C3F541AEDD4AFEF9C748 /* Pods */,
				99810B861774274665C4F0BD /* Frameworks */,
			);
			sourceTree = "<group>";
		};
		6559834B1FA50AA500D2D29D /* Products */ = {
			isa = PBXGroup;
			children = (
				6559834A1FA50AA500D2D29D /* DFX_App.app */,
				6559835E1FA50AA500D2D29D /* DFX_AppTests.xctest */,
				655983691FA50AA500D2D29D /* DFX_AppUITests.xctest */,
			);
			name = Products;
			sourceTree = "<group>";
		};
		6559834C1FA50AA500D2D29D /* DFX_App */ = {
			isa = PBXGroup;
			children = (
				6559834D1FA50AA500D2D29D /* AppDelegate.swift */,
				6545CB1F1FA54E2E002CADD3 /* ViewController.swift */,
				655983511FA50AA500D2D29D /* Main.storyboard */,
				655983541FA50AA500D2D29D /* Assets.xcassets */,
				655983561FA50AA500D2D29D /* LaunchScreen.storyboard */,
				655983591FA50AA500D2D29D /* Info.plist */,
				6545CB691FA59F23002CADD3 /* CameraViewController.swift */,
				6545CB6B1FA5AA4E002CADD3 /* TagsViewController.swift */,
			);
			path = DFX_App;
			sourceTree = "<group>";
		};
		655983611FA50AA500D2D29D /* DFX_AppTests */ = {
			isa = PBXGroup;
			children = (
				655983621FA50AA500D2D29D /* DFX_AppTests.swift */,
				655983641FA50AA500D2D29D /* Info.plist */,
			);
			path = DFX_AppTests;
			sourceTree = "<group>";
		};
		6559836C1FA50AA500D2D29D /* DFX_AppUITests */ = {
			isa = PBXGroup;
			children = (
				6559836D1FA50AA500D2D29D /* DFX_AppUITests.swift */,
				6559836F1FA50AA500D2D29D /* Info.plist */,
			);
			path = DFX_AppUITests;
			sourceTree = "<group>";
		};
		99810B861774274665C4F0BD /* Frameworks */ = {
			isa = PBXGroup;
			children = (
				7F69879264DDB09D9B9214DF /* Pods_DFX_App.framework */,
				0CED9B5CA697AB82E22B7B7A /* Pods_DFX_AppTests.framework */,
				376F56BD3B13E2677FA59536 /* Pods_DFX_AppUITests.framework */,
			);
			name = Frameworks;
			sourceTree = "<group>";
		};
/* End PBXGroup section */

/* Begin PBXNativeTarget section */
		655983491FA50AA500D2D29D /* DFX_App */ = {
			isa = PBXNativeTarget;
			buildConfigurationList = 655983721FA50AA500D2D29D /* Build configuration list for PBXNativeTarget "DFX_App" */;
			buildPhases = (
				2537FAD2D710EE1958231A53 /* [CP] Check Pods Manifest.lock */,
				655983461FA50AA500D2D29D /* Sources */,
				655983471FA50AA500D2D29D /* Frameworks */,
				655983481FA50AA500D2D29D /* Resources */,
				2FD84535301B625F06794736 /* [CP] Embed Pods Frameworks */,
				0ACF29112BC5389BA14DBFD0 /* [CP] Copy Pods Resources */,
			);
			buildRules = (
			);
			dependencies = (
			);
			name = DFX_App;
			productName = DFX_App;
			productReference = 6559834A1FA50AA500D2D29D /* DFX_App.app */;
			productType = "com.apple.product-type.application";
		};
		6559835D1FA50AA500D2D29D /* DFX_AppTests */ = {
			isa = PBXNativeTarget;
			buildConfigurationList = 655983751FA50AA500D2D29D /* Build configuration list for PBXNativeTarget "DFX_AppTests" */;
			buildPhases = (
				65521B7F680780479B5D8BED /* [CP] Check Pods Manifest.lock */,
				6559835A1FA50AA500D2D29D /* Sources */,
				6559835B1FA50AA500D2D29D /* Frameworks */,
				6559835C1FA50AA500D2D29D /* Resources */,
				769322E0A5BE69F695370238 /* [CP] Embed Pods Frameworks */,
				818448B0C2B69AE2128028DA /* [CP] Copy Pods Resources */,
			);
			buildRules = (
			);
			dependencies = (
				655983601FA50AA500D2D29D /* PBXTargetDependency */,
			);
			name = DFX_AppTests;
			productName = DFX_AppTests;
			productReference = 6559835E1FA50AA500D2D29D /* DFX_AppTests.xctest */;
			productType = "com.apple.product-type.bundle.unit-test";
		};
		655983681FA50AA500D2D29D /* DFX_AppUITests */ = {
			isa = PBXNativeTarget;
			buildConfigurationList = 655983781FA50AA500D2D29D /* Build configuration list for PBXNativeTarget "DFX_AppUITests" */;
			buildPhases = (
				AE49E78268CFDFF3FAAD73A7 /* [CP] Check Pods Manifest.lock */,
				655983651FA50AA500D2D29D /* Sources */,
				655983661FA50AA500D2D29D /* Frameworks */,
				655983671FA50AA500D2D29D /* Resources */,
				7297D895E9EC7A05008FEBE3 /* [CP] Embed Pods Frameworks */,
				228CA65222442F1918A1BA5E /* [CP] Copy Pods Resources */,
			);
			buildRules = (
			);
			dependencies = (
				6559836B1FA50AA500D2D29D /* PBXTargetDependency */,
			);
			name = DFX_AppUITests;
			productName = DFX_AppUITests;
			productReference = 655983691FA50AA500D2D29D /* DFX_AppUITests.xctest */;
			productType = "com.apple.product-type.bundle.ui-testing";
		};
/* End PBXNativeTarget section */

/* Begin PBXProject section */
		655983421FA50AA500D2D29D /* Project object */ = {
			isa = PBXProject;
			attributes = {
				LastSwiftUpdateCheck = 0830;
				LastUpgradeCheck = 0830;
				ORGANIZATIONNAME = "Nathan Lewis";
				TargetAttributes = {
					655983491FA50AA500D2D29D = {
						CreatedOnToolsVersion = 8.3.3;
						DevelopmentTeam = B3K8B5B7FQ;
						ProvisioningStyle = Automatic;
					};
					6559835D1FA50AA500D2D29D = {
						CreatedOnToolsVersion = 8.3.3;
						ProvisioningStyle = Automatic;
						TestTargetID = 655983491FA50AA500D2D29D;
					};
					655983681FA50AA500D2D29D = {
						CreatedOnToolsVersion = 8.3.3;
						ProvisioningStyle = Automatic;
						TestTargetID = 655983491FA50AA500D2D29D;
					};
				};
			};
			buildConfigurationList = 655983451FA50AA500D2D29D /* Build configuration list for PBXProject "DFX_App" */;
			compatibilityVersion = "Xcode 3.2";
			developmentRegion = English;
			hasScannedForEncodings = 0;
			knownRegions = (
				en,
				Base,
			);
			mainGroup = 655983411FA50AA500D2D29D;
			productRefGroup = 6559834B1FA50AA500D2D29D /* Products */;
			projectDirPath = "";
			projectRoot = "";
			targets = (
				655983491FA50AA500D2D29D /* DFX_App */,
				6559835D1FA50AA500D2D29D /* DFX_AppTests */,
				655983681FA50AA500D2D29D /* DFX_AppUITests */,
			);
		};
/* End PBXProject section */

/* Begin PBXResourcesBuildPhase section */
		655983481FA50AA500D2D29D /* Resources */ = {
			isa = PBXResourcesBuildPhase;
			buildActionMask = 2147483647;
			files = (
				655983581FA50AA500D2D29D /* LaunchScreen.storyboard in Resources */,
				655983551FA50AA500D2D29D /* Assets.xcassets in Resources */,
				655983531FA50AA500D2D29D /* Main.storyboard in Resources */,
			);
			runOnlyForDeploymentPostprocessing = 0;
		};
		6559835C1FA50AA500D2D29D /* Resources */ = {
			isa = PBXResourcesBuildPhase;
			buildActionMask = 2147483647;
			files = (
			);
			runOnlyForDeploymentPostprocessing = 0;
		};
		655983671FA50AA500D2D29D /* Resources */ = {
			isa = PBXResourcesBuildPhase;
			buildActionMask = 2147483647;
			files = (
			);
			runOnlyForDeploymentPostprocessing = 0;
		};
/* End PBXResourcesBuildPhase section */

/* Begin PBXShellScriptBuildPhase section */
		0ACF29112BC5389BA14DBFD0 /* [CP] Copy Pods Resources */ = {
			isa = PBXShellScriptBuildPhase;
			buildActionMask = 2147483647;
			files = (
			);
			inputPaths = (
			);
			name = "[CP] Copy Pods Resources";
			outputPaths = (
			);
			runOnlyForDeploymentPostprocessing = 0;
			shellPath = /bin/sh;
			shellScript = "\"${SRCROOT}/Pods/Target Support Files/Pods-DFX_App/Pods-DFX_App-resources.sh\"\n";
			showEnvVarsInLog = 0;
		};
		228CA65222442F1918A1BA5E /* [CP] Copy Pods Resources */ = {
			isa = PBXShellScriptBuildPhase;
			buildActionMask = 2147483647;
			files = (
			);
			inputPaths = (
			);
			name = "[CP] Copy Pods Resources";
			outputPaths = (
			);
			runOnlyForDeploymentPostprocessing = 0;
			shellPath = /bin/sh;
			shellScript = "\"${SRCROOT}/Pods/Target Support Files/Pods-DFX_AppUITests/Pods-DFX_AppUITests-resources.sh\"\n";
			showEnvVarsInLog = 0;
		};
		2537FAD2D710EE1958231A53 /* [CP] Check Pods Manifest.lock */ = {
			isa = PBXShellScriptBuildPhase;
			buildActionMask = 2147483647;
			files = (
			);
			inputPaths = (
			);
			name = "[CP] Check Pods Manifest.lock";
			outputPaths = (
			);
			runOnlyForDeploymentPostprocessing = 0;
			shellPath = /bin/sh;
			shellScript = "diff \"${PODS_PODFILE_DIR_PATH}/Podfile.lock\" \"${PODS_ROOT}/Manifest.lock\" > /dev/null\nif [ $? != 0 ] ; then\n    # print error to STDERR\n    echo \"error: The sandbox is not in sync with the Podfile.lock. Run 'pod install' or update your CocoaPods installation.\" >&2\n    exit 1\nfi\n";
			showEnvVarsInLog = 0;
		};
		2FD84535301B625F06794736 /* [CP] Embed Pods Frameworks */ = {
			isa = PBXShellScriptBuildPhase;
			buildActionMask = 2147483647;
			files = (
			);
			inputPaths = (
			);
			name = "[CP] Embed Pods Frameworks";
			outputPaths = (
			);
			runOnlyForDeploymentPostprocessing = 0;
			shellPath = /bin/sh;
			shellScript = "\"${SRCROOT}/Pods/Target Support Files/Pods-DFX_App/Pods-DFX_App-frameworks.sh\"\n";
			showEnvVarsInLog = 0;
		};
		65521B7F680780479B5D8BED /* [CP] Check Pods Manifest.lock */ = {
			isa = PBXShellScriptBuildPhase;
			buildActionMask = 2147483647;
			files = (
			);
			inputPaths = (
			);
			name = "[CP] Check Pods Manifest.lock";
			outputPaths = (
			);
			runOnlyForDeploymentPostprocessing = 0;
			shellPath = /bin/sh;
			shellScript = "diff \"${PODS_PODFILE_DIR_PATH}/Podfile.lock\" \"${PODS_ROOT}/Manifest.lock\" > /dev/null\nif [ $? != 0 ] ; then\n    # print error to STDERR\n    echo \"error: The sandbox is not in sync with the Podfile.lock. Run 'pod install' or update your CocoaPods installation.\" >&2\n    exit 1\nfi\n";
			showEnvVarsInLog = 0;
		};
		7297D895E9EC7A05008FEBE3 /* [CP] Embed Pods Frameworks */ = {
			isa = PBXShellScriptBuildPhase;
			buildActionMask = 2147483647;
			files = (
			);
			inputPaths = (
			);
			name = "[CP] Embed Pods Frameworks";
			outputPaths = (
			);
			runOnlyForDeploymentPostprocessing = 0;
			shellPath = /bin/sh;
			shellScript = "\"${SRCROOT}/Pods/Target Support Files/Pods-DFX_AppUITests/Pods-DFX_AppUITests-frameworks.sh\"\n";
			showEnvVarsInLog = 0;
		};
		769322E0A5BE69F695370238 /* [CP] Embed Pods Frameworks */ = {
			isa = PBXShellScriptBuildPhase;
			buildActionMask = 2147483647;
			files = (
			);
			inputPaths = (
			);
			name = "[CP] Embed Pods Frameworks";
			outputPaths = (
			);
			runOnlyForDeploymentPostprocessing = 0;
			shellPath = /bin/sh;
			shellScript = "\"${SRCROOT}/Pods/Target Support Files/Pods-DFX_AppTests/Pods-DFX_AppTests-frameworks.sh\"\n";
			showEnvVarsInLog = 0;
		};
		818448B0C2B69AE2128028DA /* [CP] Copy Pods Resources */ = {
			isa = PBXShellScriptBuildPhase;
			buildActionMask = 2147483647;
			files = (
			);
			inputPaths = (
			);
			name = "[CP] Copy Pods Resources";
			outputPaths = (
			);
			runOnlyForDeploymentPostprocessing = 0;
			shellPath = /bin/sh;
			shellScript = "\"${SRCROOT}/Pods/Target Support Files/Pods-DFX_AppTests/Pods-DFX_AppTests-resources.sh\"\n";
			showEnvVarsInLog = 0;
		};
		AE49E78268CFDFF3FAAD73A7 /* [CP] Check Pods Manifest.lock */ = {
			isa = PBXShellScriptBuildPhase;
			buildActionMask = 2147483647;
			files = (
			);
			inputPaths = (
			);
			name = "[CP] Check Pods Manifest.lock";
			outputPaths = (
			);
			runOnlyForDeploymentPostprocessing = 0;
			shellPath = /bin/sh;
			shellScript = "diff \"${PODS_PODFILE_DIR_PATH}/Podfile.lock\" \"${PODS_ROOT}/Manifest.lock\" > /dev/null\nif [ $? != 0 ] ; then\n    # print error to STDERR\n    echo \"error: The sandbox is not in sync with the Podfile.lock. Run 'pod install' or update your CocoaPods installation.\" >&2\n    exit 1\nfi\n";
			showEnvVarsInLog = 0;
		};
/* End PBXShellScriptBuildPhase section */

/* Begin PBXSourcesBuildPhase section */
		655983461FA50AA500D2D29D /* Sources */ = {
			isa = PBXSourcesBuildPhase;
			buildActionMask = 2147483647;
			files = (
				6545CB201FA54E2E002CADD3 /* ViewController.swift in Sources */,
				6545CB6C1FA5AA4E002CADD3 /* TagsViewController.swift in Sources */,
				6559834E1FA50AA500D2D29D /* AppDelegate.swift in Sources */,
				6545CB6A1FA59F23002CADD3 /* CameraViewController.swift in Sources */,
			);
			runOnlyForDeploymentPostprocessing = 0;
		};
		6559835A1FA50AA500D2D29D /* Sources */ = {
			isa = PBXSourcesBuildPhase;
			buildActionMask = 2147483647;
			files = (
				655983631FA50AA500D2D29D /* DFX_AppTests.swift in Sources */,
			);
			runOnlyForDeploymentPostprocessing = 0;
		};
		655983651FA50AA500D2D29D /* Sources */ = {
			isa = PBXSourcesBuildPhase;
			buildActionMask = 2147483647;
			files = (
				6559836E1FA50AA500D2D29D /* DFX_AppUITests.swift in Sources */,
			);
			runOnlyForDeploymentPostprocessing = 0;
		};
/* End PBXSourcesBuildPhase section */

/* Begin PBXTargetDependency section */
		655983601FA50AA500D2D29D /* PBXTargetDependency */ = {
			isa = PBXTargetDependency;
			target = 655983491FA50AA500D2D29D /* DFX_App */;
			targetProxy = 6559835F1FA50AA500D2D29D /* PBXContainerItemProxy */;
		};
		6559836B1FA50AA500D2D29D /* PBXTargetDependency */ = {
			isa = PBXTargetDependency;
			target = 655983491FA50AA500D2D29D /* DFX_App */;
			targetProxy = 6559836A1FA50AA500D2D29D /* PBXContainerItemProxy */;
		};
/* End PBXTargetDependency section */

/* Begin PBXVariantGroup section */
		655983511FA50AA500D2D29D /* Main.storyboard */ = {
			isa = PBXVariantGroup;
			children = (
				655983521FA50AA500D2D29D /* Base */,
			);
			name = Main.storyboard;
			sourceTree = "<group>";
		};
		655983561FA50AA500D2D29D /* LaunchScreen.storyboard */ = {
			isa = PBXVariantGroup;
			children = (
				655983571FA50AA500D2D29D /* Base */,
			);
			name = LaunchScreen.storyboard;
			sourceTree = "<group>";
		};
/* End PBXVariantGroup section */

/* Begin XCBuildConfiguration section */
		655983701FA50AA500D2D29D /* Debug */ = {
			isa = XCBuildConfiguration;
			buildSettings = {
				ALWAYS_SEARCH_USER_PATHS = NO;
				CLANG_ANALYZER_NONNULL = YES;
				CLANG_ANALYZER_NUMBER_OBJECT_CONVERSION = YES_AGGRESSIVE;
				CLANG_CXX_LANGUAGE_STANDARD = "gnu++0x";
				CLANG_CXX_LIBRARY = "libc++";
				CLANG_ENABLE_MODULES = YES;
				CLANG_ENABLE_OBJC_ARC = YES;
				CLANG_WARN_BOOL_CONVERSION = YES;
				CLANG_WARN_CONSTANT_CONVERSION = YES;
				CLANG_WARN_DIRECT_OBJC_ISA_USAGE = YES_ERROR;
				CLANG_WARN_DOCUMENTATION_COMMENTS = YES;
				CLANG_WARN_EMPTY_BODY = YES;
				CLANG_WARN_ENUM_CONVERSION = YES;
				CLANG_WARN_INFINITE_RECURSION = YES;
				CLANG_WARN_INT_CONVERSION = YES;
				CLANG_WARN_OBJC_ROOT_CLASS = YES_ERROR;
				CLANG_WARN_SUSPICIOUS_MOVE = YES;
				CLANG_WARN_UNREACHABLE_CODE = YES;
				CLANG_WARN__DUPLICATE_METHOD_MATCH = YES;
				"CODE_SIGN_IDENTITY[sdk=iphoneos*]" = "iPhone Developer";
				COPY_PHASE_STRIP = NO;
				DEBUG_INFORMATION_FORMAT = dwarf;
				ENABLE_STRICT_OBJC_MSGSEND = YES;
				ENABLE_TESTABILITY = YES;
				GCC_C_LANGUAGE_STANDARD = gnu99;
				GCC_DYNAMIC_NO_PIC = NO;
				GCC_NO_COMMON_BLOCKS = YES;
				GCC_OPTIMIZATION_LEVEL = 0;
				GCC_PREPROCESSOR_DEFINITIONS = (
					"DEBUG=1",
					"$(inherited)",
				);
				GCC_WARN_64_TO_32_BIT_CONVERSION = YES;
				GCC_WARN_ABOUT_RETURN_TYPE = YES_ERROR;
				GCC_WARN_UNDECLARED_SELECTOR = YES;
				GCC_WARN_UNINITIALIZED_AUTOS = YES_AGGRESSIVE;
				GCC_WARN_UNUSED_FUNCTION = YES;
				GCC_WARN_UNUSED_VARIABLE = YES;
				IPHONEOS_DEPLOYMENT_TARGET = 10.3;
				MTL_ENABLE_DEBUG_INFO = YES;
				ONLY_ACTIVE_ARCH = YES;
				SDKROOT = iphoneos;
				SWIFT_ACTIVE_COMPILATION_CONDITIONS = DEBUG;
				SWIFT_OPTIMIZATION_LEVEL = "-Onone";
			};
			name = Debug;
		};
		655983711FA50AA500D2D29D /* Release */ = {
			isa = XCBuildConfiguration;
			buildSettings = {
				ALWAYS_SEARCH_USER_PATHS = NO;
				CLANG_ANALYZER_NONNULL = YES;
				CLANG_ANALYZER_NUMBER_OBJECT_CONVERSION = YES_AGGRESSIVE;
				CLANG_CXX_LANGUAGE_STANDARD = "gnu++0x";
				CLANG_CXX_LIBRARY = "libc++";
				CLANG_ENABLE_MODULES = YES;
				CLANG_ENABLE_OBJC_ARC = YES;
				CLANG_WARN_BOOL_CONVERSION = YES;
				CLANG_WARN_CONSTANT_CONVERSION = YES;
				CLANG_WARN_DIRECT_OBJC_ISA_USAGE = YES_ERROR;
				CLANG_WARN_DOCUMENTATION_COMMENTS = YES;
				CLANG_WARN_EMPTY_BODY = YES;
				CLANG_WARN_ENUM_CONVERSION = YES;
				CLANG_WARN_INFINITE_RECURSION = YES;
				CLANG_WARN_INT_CONVERSION = YES;
				CLANG_WARN_OBJC_ROOT_CLASS = YES_ERROR;
				CLANG_WARN_SUSPICIOUS_MOVE = YES;
				CLANG_WARN_UNREACHABLE_CODE = YES;
				CLANG_WARN__DUPLICATE_METHOD_MATCH = YES;
				"CODE_SIGN_IDENTITY[sdk=iphoneos*]" = "iPhone Developer";
				COPY_PHASE_STRIP = NO;
				DEBUG_INFORMATION_FORMAT = "dwarf-with-dsym";
				ENABLE_NS_ASSERTIONS = NO;
				ENABLE_STRICT_OBJC_MSGSEND = YES;
				GCC_C_LANGUAGE_STANDARD = gnu99;
				GCC_NO_COMMON_BLOCKS = YES;
				GCC_WARN_64_TO_32_BIT_CONVERSION = YES;
				GCC_WARN_ABOUT_RETURN_TYPE = YES_ERROR;
				GCC_WARN_UNDECLARED_SELECTOR = YES;
				GCC_WARN_UNINITIALIZED_AUTOS = YES_AGGRESSIVE;
				GCC_WARN_UNUSED_FUNCTION = YES;
				GCC_WARN_UNUSED_VARIABLE = YES;
				IPHONEOS_DEPLOYMENT_TARGET = 10.3;
				MTL_ENABLE_DEBUG_INFO = NO;
				SDKROOT = iphoneos;
				SWIFT_OPTIMIZATION_LEVEL = "-Owholemodule";
				VALIDATE_PRODUCT = YES;
			};
			name = Release;
		};
		655983731FA50AA500D2D29D /* Debug */ = {
			isa = XCBuildConfiguration;
			baseConfigurationReference = 61AA6A0D9E916CB363BB297E /* Pods-DFX_App.debug.xcconfig */;
			buildSettings = {
				ASSETCATALOG_COMPILER_APPICON_NAME = AppIcon;
				DEVELOPMENT_TEAM = B3K8B5B7FQ;
				INFOPLIST_FILE = DFX_App/Info.plist;
				LD_RUNPATH_SEARCH_PATHS = "$(inherited) @executable_path/Frameworks";
				PRODUCT_BUNDLE_IDENTIFIER = "com.nathanlewis.DFX-App";
				PRODUCT_NAME = "$(TARGET_NAME)";
				SWIFT_VERSION = 3.0;
			};
			name = Debug;
		};
		655983741FA50AA500D2D29D /* Release */ = {
			isa = XCBuildConfiguration;
			baseConfigurationReference = 01A01E55A53255B6B9F9E1AB /* Pods-DFX_App.release.xcconfig */;
			buildSettings = {
				ASSETCATALOG_COMPILER_APPICON_NAME = AppIcon;
				DEVELOPMENT_TEAM = B3K8B5B7FQ;
				INFOPLIST_FILE = DFX_App/Info.plist;
				LD_RUNPATH_SEARCH_PATHS = "$(inherited) @executable_path/Frameworks";
				PRODUCT_BUNDLE_IDENTIFIER = "com.nathanlewis.DFX-App";
				PRODUCT_NAME = "$(TARGET_NAME)";
				SWIFT_VERSION = 3.0;
			};
			name = Release;
		};
		655983761FA50AA500D2D29D /* Debug */ = {
			isa = XCBuildConfiguration;
			baseConfigurationReference = D711F3454B6893CD40DBF892 /* Pods-DFX_AppTests.debug.xcconfig */;
			buildSettings = {
				ALWAYS_EMBED_SWIFT_STANDARD_LIBRARIES = YES;
				BUNDLE_LOADER = "$(TEST_HOST)";
				INFOPLIST_FILE = DFX_AppTests/Info.plist;
				LD_RUNPATH_SEARCH_PATHS = "$(inherited) @executable_path/Frameworks @loader_path/Frameworks";
				PRODUCT_BUNDLE_IDENTIFIER = "com.nathanlewis.DFX-AppTests";
				PRODUCT_NAME = "$(TARGET_NAME)";
				SWIFT_VERSION = 3.0;
				TEST_HOST = "$(BUILT_PRODUCTS_DIR)/DFX_App.app/DFX_App";
			};
			name = Debug;
		};
		655983771FA50AA500D2D29D /* Release */ = {
			isa = XCBuildConfiguration;
			baseConfigurationReference = 709FCB1A2DCA0E4587C97EA2 /* Pods-DFX_AppTests.release.xcconfig */;
			buildSettings = {
				ALWAYS_EMBED_SWIFT_STANDARD_LIBRARIES = YES;
				BUNDLE_LOADER = "$(TEST_HOST)";
				INFOPLIST_FILE = DFX_AppTests/Info.plist;
				LD_RUNPATH_SEARCH_PATHS = "$(inherited) @executable_path/Frameworks @loader_path/Frameworks";
				PRODUCT_BUNDLE_IDENTIFIER = "com.nathanlewis.DFX-AppTests";
				PRODUCT_NAME = "$(TARGET_NAME)";
				SWIFT_VERSION = 3.0;
				TEST_HOST = "$(BUILT_PRODUCTS_DIR)/DFX_App.app/DFX_App";
			};
			name = Release;
		};
		655983791FA50AA500D2D29D /* Debug */ = {
			isa = XCBuildConfiguration;
			baseConfigurationReference = D597373F0885FF04C281E4F0 /* Pods-DFX_AppUITests.debug.xcconfig */;
			buildSettings = {
				ALWAYS_EMBED_SWIFT_STANDARD_LIBRARIES = YES;
				INFOPLIST_FILE = DFX_AppUITests/Info.plist;
				LD_RUNPATH_SEARCH_PATHS = "$(inherited) @executable_path/Frameworks @loader_path/Frameworks";
				PRODUCT_BUNDLE_IDENTIFIER = "com.nathanlewis.DFX-AppUITests";
				PRODUCT_NAME = "$(TARGET_NAME)";
				SWIFT_VERSION = 3.0;
				TEST_TARGET_NAME = DFX_App;
			};
			name = Debug;
		};
		6559837A1FA50AA500D2D29D /* Release */ = {
			isa = XCBuildConfiguration;
			baseConfigurationReference = 4860D8989F1FAC0CA5606F22 /* Pods-DFX_AppUITests.release.xcconfig */;
			buildSettings = {
				ALWAYS_EMBED_SWIFT_STANDARD_LIBRARIES = YES;
				INFOPLIST_FILE = DFX_AppUITests/Info.plist;
				LD_RUNPATH_SEARCH_PATHS = "$(inherited) @executable_path/Frameworks @loader_path/Frameworks";
				PRODUCT_BUNDLE_IDENTIFIER = "com.nathanlewis.DFX-AppUITests";
				PRODUCT_NAME = "$(TARGET_NAME)";
				SWIFT_VERSION = 3.0;
				TEST_TARGET_NAME = DFX_App;
			};
			name = Release;
		};
/* End XCBuildConfiguration section */

/* Begin XCConfigurationList section */
		655983451FA50AA500D2D29D /* Build configuration list for PBXProject "DFX_App" */ = {
			isa = XCConfigurationList;
			buildConfigurations = (
				655983701FA50AA500D2D29D /* Debug */,
				655983711FA50AA500D2D29D /* Release */,
			);
			defaultConfigurationIsVisible = 0;
			defaultConfigurationName = Release;
		};
		655983721FA50AA500D2D29D /* Build configuration list for PBXNativeTarget "DFX_App" */ = {
			isa = XCConfigurationList;
			buildConfigurations = (
				655983731FA50AA500D2D29D /* Debug */,
				655983741FA50AA500D2D29D /* Release */,
			);
			defaultConfigurationIsVisible = 0;
			defaultConfigurationName = Release;
		};
		655983751FA50AA500D2D29D /* Build configuration list for PBXNativeTarget "DFX_AppTests" */ = {
			isa = XCConfigurationList;
			buildConfigurations = (
				655983761FA50AA500D2D29D /* Debug */,
				655983771FA50AA500D2D29D /* Release */,
			);
			defaultConfigurationIsVisible = 0;
			defaultConfigurationName = Release;
		};
		655983781FA50AA500D2D29D /* Build configuration list for PBXNativeTarget "DFX_AppUITests" */ = {
			isa = XCConfigurationList;
			buildConfigurations = (
				655983791FA50AA500D2D29D /* Debug */,
				6559837A1FA50AA500D2D29D /* Release */,
			);
			defaultConfigurationIsVisible = 0;
			defaultConfigurationName = Release;
		};
/* End XCConfigurationList section */
	};
	rootObject = 655983421FA50AA500D2D29D /* Project object */;
}
